
Microsoft Visual Studio Solution File, Format Version 12.00
# Visual Studio 15
VisualStudioVersion = 15.0.26403.7
MinimumVisualStudioVersion = 10.0.40219.1
Project("{FAE04EC0-301F-11D3-BF4B-00C04F79EFBC}") = "ElevenNote.Data", "ElevenNote.Data\ElevenNote.Data.csproj", "{425B57EC-7BA7-45C7-9CD6-555E6020B608}"
EndProject
Project("{FAE04EC0-301F-11D3-BF4B-00C04F79EFBC}") = "ElevenNote.Models", "ElevenNote.Models\ElevenNote.Models.csproj", "{939F9E9D-1CF2-4C74-9EE4-C7562845DD76}"
EndProject
Project("{FAE04EC0-301F-11D3-BF4B-00C04F79EFBC}") = "ElevenNote.Services", "ElevenNote.Services\ElevenNote.Services.csproj", "{FBC4FF9B-EE3B-464A-BAC2-DE5748891A7C}"
EndProject
Project("{FAE04EC0-301F-11D3-BF4B-00C04F79EFBC}") = "ElevenNote.Web", "ElevenNote.Web\ElevenNote.Web.csproj", "{C1264386-8630-43CC-BC53-AB4DF43D0BB1}"
EndProject
Project("{FAE04EC0-301F-11D3-BF4B-00C04F79EFBC}") = "ElevenNote.API", "ElevenNote.API\ElevenNote.API.csproj", "{E7CB8E24-8EC3-4B9E-A7A4-57D14366F615}"
EndProject
Project("{D954291E-2A0B-460D-934E-DC6B0785DB48}") = "ElevenNote.MobileApp", "ElevenNote.MobileApp\ElevenNote.MobileApp\ElevenNote.MobileApp.shproj", "{D5B179B4-CC0C-43EB-B93E-666A8103EB2F}"
EndProject
Project("{FAE04EC0-301F-11D3-BF4B-00C04F79EFBC}") = "ElevenNote.MobileApp.Android", "ElevenNote.MobileApp\ElevenNote.MobileApp.Android\ElevenNote.MobileApp.Android.csproj", "{CE034019-69FF-4151-888B-C706AEBC7C7E}"
EndProject
Project("{FAE04EC0-301F-11D3-BF4B-00C04F79EFBC}") = "ElevenNote.MobileApp.iOS", "ElevenNote.MobileApp\ElevenNote.MobileApp.iOS\ElevenNote.MobileApp.iOS.csproj", "{92D1BB50-FD6E-4217-B50F-19938AEBB222}"
EndProject
Global
	GlobalSection(SharedMSBuildProjectFiles) = preSolution
		ElevenNote.MobileApp\ElevenNote.MobileApp\ElevenNote.MobileApp.projitems*{92d1bb50-fd6e-4217-b50f-19938aebb222}*SharedItemsImports = 4
		ElevenNote.MobileApp\ElevenNote.MobileApp\ElevenNote.MobileApp.projitems*{ce034019-69ff-4151-888b-c706aebc7c7e}*SharedItemsImports = 4
		ElevenNote.MobileApp\ElevenNote.MobileApp\ElevenNote.MobileApp.projitems*{d5b179b4-cc0c-43eb-b93e-666a8103eb2f}*SharedItemsImports = 13
	EndGlobalSection
	GlobalSection(SolutionConfigurationPlatforms) = preSolution
		Ad-Hoc|Any CPU = Ad-Hoc|Any CPU
		Ad-Hoc|iPhone = Ad-Hoc|iPhone
		Ad-Hoc|iPhoneSimulator = Ad-Hoc|iPhoneSimulator
		AppStore|Any CPU = AppStore|Any CPU
		AppStore|iPhone = AppStore|iPhone
		AppStore|iPhoneSimulator = AppStore|iPhoneSimulator
		Debug|Any CPU = Debug|Any CPU
		Debug|iPhone = Debug|iPhone
		Debug|iPhoneSimulator = Debug|iPhoneSimulator
		Release|Any CPU = Release|Any CPU
		Release|iPhone = Release|iPhone
		Release|iPhoneSimulator = Release|iPhoneSimulator
	EndGlobalSection
	GlobalSection(ProjectConfigurationPlatforms) = postSolution
		{425B57EC-7BA7-45C7-9CD6-555E6020B608}.Ad-Hoc|Any CPU.ActiveCfg = Release|Any CPU
		{425B57EC-7BA7-45C7-9CD6-555E6020B608}.Ad-Hoc|Any CPU.Build.0 = Release|Any CPU
		{425B57EC-7BA7-45C7-9CD6-555E6020B608}.Ad-Hoc|iPhone.ActiveCfg = Release|Any CPU
		{425B57EC-7BA7-45C7-9CD6-555E6020B608}.Ad-Hoc|iPhone.Build.0 = Release|Any CPU
		{425B57EC-7BA7-45C7-9CD6-555E6020B608}.Ad-Hoc|iPhoneSimulator.ActiveCfg = Release|Any CPU
		{425B57EC-7BA7-45C7-9CD6-555E6020B608}.Ad-Hoc|iPhoneSimulator.Build.0 = Release|Any CPU
		{425B57EC-7BA7-45C7-9CD6-555E6020B608}.AppStore|Any CPU.ActiveCfg = Release|Any CPU
		{425B57EC-7BA7-45C7-9CD6-555E6020B608}.AppStore|Any CPU.Build.0 = Release|Any CPU
		{425B57EC-7BA7-45C7-9CD6-555E6020B608}.AppStore|iPhone.ActiveCfg = Release|Any CPU
		{425B57EC-7BA7-45C7-9CD6-555E6020B608}.AppStore|iPhone.Build.0 = Release|Any CPU
		{425B57EC-7BA7-45C7-9CD6-555E6020B608}.AppStore|iPhoneSimulator.ActiveCfg = Release|Any CPU
		{425B57EC-7BA7-45C7-9CD6-555E6020B608}.AppStore|iPhoneSimulator.Build.0 = Release|Any CPU
		{425B57EC-7BA7-45C7-9CD6-555E6020B608}.Debug|Any CPU.ActiveCfg = Debug|Any CPU
		{425B57EC-7BA7-45C7-9CD6-555E6020B608}.Debug|Any CPU.Build.0 = Debug|Any CPU
		{425B57EC-7BA7-45C7-9CD6-555E6020B608}.Debug|iPhone.ActiveCfg = Debug|Any CPU
		{425B57EC-7BA7-45C7-9CD6-555E6020B608}.Debug|iPhone.Build.0 = Debug|Any CPU
		{425B57EC-7BA7-45C7-9CD6-555E6020B608}.Debug|iPhoneSimulator.ActiveCfg = Debug|Any CPU
		{425B57EC-7BA7-45C7-9CD6-555E6020B608}.Debug|iPhoneSimulator.Build.0 = Debug|Any CPU
		{425B57EC-7BA7-45C7-9CD6-555E6020B608}.Release|Any CPU.ActiveCfg = Release|Any CPU
		{425B57EC-7BA7-45C7-9CD6-555E6020B608}.Release|Any CPU.Build.0 = Release|Any CPU
		{425B57EC-7BA7-45C7-9CD6-555E6020B608}.Release|iPhone.ActiveCfg = Release|Any CPU
		{425B57EC-7BA7-45C7-9CD6-555E6020B608}.Release|iPhone.Build.0 = Release|Any CPU
		{425B57EC-7BA7-45C7-9CD6-555E6020B608}.Release|iPhoneSimulator.ActiveCfg = Release|Any CPU
		{425B57EC-7BA7-45C7-9CD6-555E6020B608}.Release|iPhoneSimulator.Build.0 = Release|Any CPU
		{939F9E9D-1CF2-4C74-9EE4-C7562845DD76}.Ad-Hoc|Any CPU.ActiveCfg = Release|Any CPU
		{939F9E9D-1CF2-4C74-9EE4-C7562845DD76}.Ad-Hoc|Any CPU.Build.0 = Release|Any CPU
		{939F9E9D-1CF2-4C74-9EE4-C7562845DD76}.Ad-Hoc|iPhone.ActiveCfg = Release|Any CPU
		{939F9E9D-1CF2-4C74-9EE4-C7562845DD76}.Ad-Hoc|iPhone.Build.0 = Release|Any CPU
		{939F9E9D-1CF2-4C74-9EE4-C7562845DD76}.Ad-Hoc|iPhoneSimulator.ActiveCfg = Release|Any CPU
		{939F9E9D-1CF2-4C74-9EE4-C7562845DD76}.Ad-Hoc|iPhoneSimulator.Build.0 = Release|Any CPU
		{939F9E9D-1CF2-4C74-9EE4-C7562845DD76}.AppStore|Any CPU.ActiveCfg = Release|Any CPU
		{939F9E9D-1CF2-4C74-9EE4-C7562845DD76}.AppStore|Any CPU.Build.0 = Release|Any CPU
		{939F9E9D-1CF2-4C74-9EE4-C7562845DD76}.AppStore|iPhone.ActiveCfg = Release|Any CPU
		{939F9E9D-1CF2-4C74-9EE4-C7562845DD76}.AppStore|iPhone.Build.0 = Release|Any CPU
		{939F9E9D-1CF2-4C74-9EE4-C7562845DD76}.AppStore|iPhoneSimulator.ActiveCfg = Release|Any CPU
		{939F9E9D-1CF2-4C74-9EE4-C7562845DD76}.AppStore|iPhoneSimulator.Build.0 = Release|Any CPU
		{939F9E9D-1CF2-4C74-9EE4-C7562845DD76}.Debug|Any CPU.ActiveCfg = Debug|Any CPU
		{939F9E9D-1CF2-4C74-9EE4-C7562845DD76}.Debug|Any CPU.Build.0 = Debug|Any CPU
		{939F9E9D-1CF2-4C74-9EE4-C7562845DD76}.Debug|iPhone.ActiveCfg = Debug|Any CPU
		{939F9E9D-1CF2-4C74-9EE4-C7562845DD76}.Debug|iPhone.Build.0 = Debug|Any CPU
		{939F9E9D-1CF2-4C74-9EE4-C7562845DD76}.Debug|iPhoneSimulator.ActiveCfg = Debug|Any CPU
		{939F9E9D-1CF2-4C74-9EE4-C7562845DD76}.Debug|iPhoneSimulator.Build.0 = Debug|Any CPU
		{939F9E9D-1CF2-4C74-9EE4-C7562845DD76}.Release|Any CPU.ActiveCfg = Release|Any CPU
		{939F9E9D-1CF2-4C74-9EE4-C7562845DD76}.Release|Any CPU.Build.0 = Release|Any CPU
		{939F9E9D-1CF2-4C74-9EE4-C7562845DD76}.Release|iPhone.ActiveCfg = Release|Any CPU
		{939F9E9D-1CF2-4C74-9EE4-C7562845DD76}.Release|iPhone.Build.0 = Release|Any CPU
		{939F9E9D-1CF2-4C74-9EE4-C7562845DD76}.Release|iPhoneSimulator.ActiveCfg = Release|Any CPU
		{939F9E9D-1CF2-4C74-9EE4-C7562845DD76}.Release|iPhoneSimulator.Build.0 = Release|Any CPU
		{FBC4FF9B-EE3B-464A-BAC2-DE5748891A7C}.Ad-Hoc|Any CPU.ActiveCfg = Release|Any CPU
		{FBC4FF9B-EE3B-464A-BAC2-DE5748891A7C}.Ad-Hoc|Any CPU.Build.0 = Release|Any CPU
		{FBC4FF9B-EE3B-464A-BAC2-DE5748891A7C}.Ad-Hoc|iPhone.ActiveCfg = Release|Any CPU
		{FBC4FF9B-EE3B-464A-BAC2-DE5748891A7C}.Ad-Hoc|iPhone.Build.0 = Release|Any CPU
		{FBC4FF9B-EE3B-464A-BAC2-DE5748891A7C}.Ad-Hoc|iPhoneSimulator.ActiveCfg = Release|Any CPU
		{FBC4FF9B-EE3B-464A-BAC2-DE5748891A7C}.Ad-Hoc|iPhoneSimulator.Build.0 = Release|Any CPU
		{FBC4FF9B-EE3B-464A-BAC2-DE5748891A7C}.AppStore|Any CPU.ActiveCfg = Release|Any CPU
		{FBC4FF9B-EE3B-464A-BAC2-DE5748891A7C}.AppStore|Any CPU.Build.0 = Release|Any CPU
		{FBC4FF9B-EE3B-464A-BAC2-DE5748891A7C}.AppStore|iPhone.ActiveCfg = Release|Any CPU
		{FBC4FF9B-EE3B-464A-BAC2-DE5748891A7C}.AppStore|iPhone.Build.0 = Release|Any CPU
		{FBC4FF9B-EE3B-464A-BAC2-DE5748891A7C}.AppStore|iPhoneSimulator.ActiveCfg = Release|Any CPU
		{FBC4FF9B-EE3B-464A-BAC2-DE5748891A7C}.AppStore|iPhoneSimulator.Build.0 = Release|Any CPU
		{FBC4FF9B-EE3B-464A-BAC2-DE5748891A7C}.Debug|Any CPU.ActiveCfg = Debug|Any CPU
		{FBC4FF9B-EE3B-464A-BAC2-DE5748891A7C}.Debug|Any CPU.Build.0 = Debug|Any CPU
		{FBC4FF9B-EE3B-464A-BAC2-DE5748891A7C}.Debug|iPhone.ActiveCfg = Debug|Any CPU
		{FBC4FF9B-EE3B-464A-BAC2-DE5748891A7C}.Debug|iPhone.Build.0 = Debug|Any CPU
		{FBC4FF9B-EE3B-464A-BAC2-DE5748891A7C}.Debug|iPhoneSimulator.ActiveCfg = Debug|Any CPU
		{FBC4FF9B-EE3B-464A-BAC2-DE5748891A7C}.Debug|iPhoneSimulator.Build.0 = Debug|Any CPU
		{FBC4FF9B-EE3B-464A-BAC2-DE5748891A7C}.Release|Any CPU.ActiveCfg = Release|Any CPU
		{FBC4FF9B-EE3B-464A-BAC2-DE5748891A7C}.Release|Any CPU.Build.0 = Release|Any CPU
		{FBC4FF9B-EE3B-464A-BAC2-DE5748891A7C}.Release|iPhone.ActiveCfg = Release|Any CPU
		{FBC4FF9B-EE3B-464A-BAC2-DE5748891A7C}.Release|iPhone.Build.0 = Release|Any CPU
		{FBC4FF9B-EE3B-464A-BAC2-DE5748891A7C}.Release|iPhoneSimulator.ActiveCfg = Release|Any CPU
		{FBC4FF9B-EE3B-464A-BAC2-DE5748891A7C}.Release|iPhoneSimulator.Build.0 = Release|Any CPU
		{C1264386-8630-43CC-BC53-AB4DF43D0BB1}.Ad-Hoc|Any CPU.ActiveCfg = Release|Any CPU
		{C1264386-8630-43CC-BC53-AB4DF43D0BB1}.Ad-Hoc|Any CPU.Build.0 = Release|Any CPU
		{C1264386-8630-43CC-BC53-AB4DF43D0BB1}.Ad-Hoc|iPhone.ActiveCfg = Release|Any CPU
		{C1264386-8630-43CC-BC53-AB4DF43D0BB1}.Ad-Hoc|iPhone.Build.0 = Release|Any CPU
		{C1264386-8630-43CC-BC53-AB4DF43D0BB1}.Ad-Hoc|iPhoneSimulator.ActiveCfg = Release|Any CPU
		{C1264386-8630-43CC-BC53-AB4DF43D0BB1}.Ad-Hoc|iPhoneSimulator.Build.0 = Release|Any CPU
		{C1264386-8630-43CC-BC53-AB4DF43D0BB1}.AppStore|Any CPU.ActiveCfg = Release|Any CPU
		{C1264386-8630-43CC-BC53-AB4DF43D0BB1}.AppStore|Any CPU.Build.0 = Release|Any CPU
		{C1264386-8630-43CC-BC53-AB4DF43D0BB1}.AppStore|iPhone.ActiveCfg = Release|Any CPU
		{C1264386-8630-43CC-BC53-AB4DF43D0BB1}.AppStore|iPhone.Build.0 = Release|Any CPU
		{C1264386-8630-43CC-BC53-AB4DF43D0BB1}.AppStore|iPhoneSimulator.ActiveCfg = Release|Any CPU
		{C1264386-8630-43CC-BC53-AB4DF43D0BB1}.AppStore|iPhoneSimulator.Build.0 = Release|Any CPU
		{C1264386-8630-43CC-BC53-AB4DF43D0BB1}.Debug|Any CPU.ActiveCfg = Debug|Any CPU
		{C1264386-8630-43CC-BC53-AB4DF43D0BB1}.Debug|Any CPU.Build.0 = Debug|Any CPU
		{C1264386-8630-43CC-BC53-AB4DF43D0BB1}.Debug|iPhone.ActiveCfg = Debug|Any CPU
		{C1264386-8630-43CC-BC53-AB4DF43D0BB1}.Debug|iPhone.Build.0 = Debug|Any CPU
		{C1264386-8630-43CC-BC53-AB4DF43D0BB1}.Debug|iPhoneSimulator.ActiveCfg = Debug|Any CPU
		{C1264386-8630-43CC-BC53-AB4DF43D0BB1}.Debug|iPhoneSimulator.Build.0 = Debug|Any CPU
		{C1264386-8630-43CC-BC53-AB4DF43D0BB1}.Release|Any CPU.ActiveCfg = Release|Any CPU
		{C1264386-8630-43CC-BC53-AB4DF43D0BB1}.Release|Any CPU.Build.0 = Release|Any CPU
		{C1264386-8630-43CC-BC53-AB4DF43D0BB1}.Release|iPhone.ActiveCfg = Release|Any CPU
		{C1264386-8630-43CC-BC53-AB4DF43D0BB1}.Release|iPhone.Build.0 = Release|Any CPU
		{C1264386-8630-43CC-BC53-AB4DF43D0BB1}.Release|iPhoneSimulator.ActiveCfg = Release|Any CPU
		{C1264386-8630-43CC-BC53-AB4DF43D0BB1}.Release|iPhoneSimulator.Build.0 = Release|Any CPU
		{E7CB8E24-8EC3-4B9E-A7A4-57D14366F615}.Ad-Hoc|Any CPU.ActiveCfg = Release|Any CPU
		{E7CB8E24-8EC3-4B9E-A7A4-57D14366F615}.Ad-Hoc|Any CPU.Build.0 = Release|Any CPU
		{E7CB8E24-8EC3-4B9E-A7A4-57D14366F615}.Ad-Hoc|iPhone.ActiveCfg = Release|Any CPU
		{E7CB8E24-8EC3-4B9E-A7A4-57D14366F615}.Ad-Hoc|iPhone.Build.0 = Release|Any CPU
		{E7CB8E24-8EC3-4B9E-A7A4-57D14366F615}.Ad-Hoc|iPhoneSimulator.ActiveCfg = Release|Any CPU
		{E7CB8E24-8EC3-4B9E-A7A4-57D14366F615}.Ad-Hoc|iPhoneSimulator.Build.0 = Release|Any CPU
		{E7CB8E24-8EC3-4B9E-A7A4-57D14366F615}.AppStore|Any CPU.ActiveCfg = Release|Any CPU
		{E7CB8E24-8EC3-4B9E-A7A4-57D14366F615}.AppStore|Any CPU.Build.0 = Release|Any CPU
		{E7CB8E24-8EC3-4B9E-A7A4-57D14366F615}.AppStore|iPhone.ActiveCfg = Release|Any CPU
		{E7CB8E24-8EC3-4B9E-A7A4-57D14366F615}.AppStore|iPhone.Build.0 = Release|Any CPU
		{E7CB8E24-8EC3-4B9E-A7A4-57D14366F615}.AppStore|iPhoneSimulator.ActiveCfg = Release|Any CPU
		{E7CB8E24-8EC3-4B9E-A7A4-57D14366F615}.AppStore|iPhoneSimulator.Build.0 = Release|Any CPU
		{E7CB8E24-8EC3-4B9E-A7A4-57D14366F615}.Debug|Any CPU.ActiveCfg = Debug|Any CPU
		{E7CB8E24-8EC3-4B9E-A7A4-57D14366F615}.Debug|Any CPU.Build.0 = Debug|Any CPU
		{E7CB8E24-8EC3-4B9E-A7A4-57D14366F615}.Debug|iPhone.ActiveCfg = Debug|Any CPU
		{E7CB8E24-8EC3-4B9E-A7A4-57D14366F615}.Debug|iPhone.Build.0 = Debug|Any CPU
		{E7CB8E24-8EC3-4B9E-A7A4-57D14366F615}.Debug|iPhoneSimulator.ActiveCfg = Debug|Any CPU
		{E7CB8E24-8EC3-4B9E-A7A4-57D14366F615}.Debug|iPhoneSimulator.Build.0 = Debug|Any CPU
		{E7CB8E24-8EC3-4B9E-A7A4-57D14366F615}.Release|Any CPU.ActiveCfg = Release|Any CPU
		{E7CB8E24-8EC3-4B9E-A7A4-57D14366F615}.Release|Any CPU.Build.0 = Release|Any CPU
		{E7CB8E24-8EC3-4B9E-A7A4-57D14366F615}.Release|iPhone.ActiveCfg = Release|Any CPU
		{E7CB8E24-8EC3-4B9E-A7A4-57D14366F615}.Release|iPhone.Build.0 = Release|Any CPU
		{E7CB8E24-8EC3-4B9E-A7A4-57D14366F615}.Release|iPhoneSimulator.ActiveCfg = Release|Any CPU
		{E7CB8E24-8EC3-4B9E-A7A4-57D14366F615}.Release|iPhoneSimulator.Build.0 = Release|Any CPU
		{CE034019-69FF-4151-888B-C706AEBC7C7E}.Ad-Hoc|Any CPU.ActiveCfg = Release|Any CPU
		{CE034019-69FF-4151-888B-C706AEBC7C7E}.Ad-Hoc|Any CPU.Build.0 = Release|Any CPU
		{CE034019-69FF-4151-888B-C706AEBC7C7E}.Ad-Hoc|Any CPU.Deploy.0 = Release|Any CPU
		{CE034019-69FF-4151-888B-C706AEBC7C7E}.Ad-Hoc|iPhone.ActiveCfg = Release|Any CPU
		{CE034019-69FF-4151-888B-C706AEBC7C7E}.Ad-Hoc|iPhone.Build.0 = Release|Any CPU
		{CE034019-69FF-4151-888B-C706AEBC7C7E}.Ad-Hoc|iPhone.Deploy.0 = Release|Any CPU
		{CE034019-69FF-4151-888B-C706AEBC7C7E}.Ad-Hoc|iPhoneSimulator.ActiveCfg = Release|Any CPU
		{CE034019-69FF-4151-888B-C706AEBC7C7E}.Ad-Hoc|iPhoneSimulator.Build.0 = Release|Any CPU
		{CE034019-69FF-4151-888B-C706AEBC7C7E}.Ad-Hoc|iPhoneSimulator.Deploy.0 = Release|Any CPU
		{CE034019-69FF-4151-888B-C706AEBC7C7E}.AppStore|Any CPU.ActiveCfg = Release|Any CPU
		{CE034019-69FF-4151-888B-C706AEBC7C7E}.AppStore|Any CPU.Build.0 = Release|Any CPU
		{CE034019-69FF-4151-888B-C706AEBC7C7E}.AppStore|Any CPU.Deploy.0 = Release|Any CPU
		{CE034019-69FF-4151-888B-C706AEBC7C7E}.AppStore|iPhone.ActiveCfg = Release|Any CPU
		{CE034019-69FF-4151-888B-C706AEBC7C7E}.AppStore|iPhone.Build.0 = Release|Any CPU
		{CE034019-69FF-4151-888B-C706AEBC7C7E}.AppStore|iPhone.Deploy.0 = Release|Any CPU
		{CE034019-69FF-4151-888B-C706AEBC7C7E}.AppStore|iPhoneSimulator.ActiveCfg = Release|Any CPU
		{CE034019-69FF-4151-888B-C706AEBC7C7E}.AppStore|iPhoneSimulator.Build.0 = Release|Any CPU
		{CE034019-69FF-4151-888B-C706AEBC7C7E}.AppStore|iPhoneSimulator.Deploy.0 = Release|Any CPU
		{CE034019-69FF-4151-888B-C706AEBC7C7E}.Debug|Any CPU.ActiveCfg = Debug|Any CPU
		{CE034019-69FF-4151-888B-C706AEBC7C7E}.Debug|Any CPU.Build.0 = Debug|Any CPU
		{CE034019-69FF-4151-888B-C706AEBC7C7E}.Debug|Any CPU.Deploy.0 = Debug|Any CPU
		{CE034019-69FF-4151-888B-C706AEBC7C7E}.Debug|iPhone.ActiveCfg = Debug|Any CPU
		{CE034019-69FF-4151-888B-C706AEBC7C7E}.Debug|iPhone.Build.0 = Debug|Any CPU
		{CE034019-69FF-4151-888B-C706AEBC7C7E}.Debug|iPhone.Deploy.0 = Debug|Any CPU
		{CE034019-69FF-4151-888B-C706AEBC7C7E}.Debug|iPhoneSimulator.ActiveCfg = Debug|Any CPU
		{CE034019-69FF-4151-888B-C706AEBC7C7E}.Debug|iPhoneSimulator.Build.0 = Debug|Any CPU
		{CE034019-69FF-4151-888B-C706AEBC7C7E}.Debug|iPhoneSimulator.Deploy.0 = Debug|Any CPU
		{CE034019-69FF-4151-888B-C706AEBC7C7E}.Release|Any CPU.ActiveCfg = Release|Any CPU
		{CE034019-69FF-4151-888B-C706AEBC7C7E}.Release|Any CPU.Build.0 = Release|Any CPU
		{CE034019-69FF-4151-888B-C706AEBC7C7E}.Release|Any CPU.Deploy.0 = Release|Any CPU
		{CE034019-69FF-4151-888B-C706AEBC7C7E}.Release|iPhone.ActiveCfg = Release|Any CPU
		{CE034019-69FF-4151-888B-C706AEBC7C7E}.Release|iPhone.Build.0 = Release|Any CPU
		{CE034019-69FF-4151-888B-C706AEBC7C7E}.Release|iPhone.Deploy.0 = Release|Any CPU
		{CE034019-69FF-4151-888B-C706AEBC7C7E}.Release|iPhoneSimulator.ActiveCfg = Release|Any CPU
		{CE034019-69FF-4151-888B-C706AEBC7C7E}.Release|iPhoneSimulator.Build.0 = Release|Any CPU
		{CE034019-69FF-4151-888B-C706AEBC7C7E}.Release|iPhoneSimulator.Deploy.0 = Release|Any CPU
		{92D1BB50-FD6E-4217-B50F-19938AEBB222}.Ad-Hoc|Any CPU.ActiveCfg = Ad-Hoc|iPhone
		{92D1BB50-FD6E-4217-B50F-19938AEBB222}.Ad-Hoc|iPhone.ActiveCfg = Ad-Hoc|iPhone
		{92D1BB50-FD6E-4217-B50F-19938AEBB222}.Ad-Hoc|iPhone.Build.0 = Ad-Hoc|iPhone
		{92D1BB50-FD6E-4217-B50F-19938AEBB222}.Ad-Hoc|iPhoneSimulator.ActiveCfg = Ad-Hoc|iPhoneSimulator
		{92D1BB50-FD6E-4217-B50F-19938AEBB222}.Ad-Hoc|iPhoneSimulator.Build.0 = Ad-Hoc|iPhoneSimulator
		{92D1BB50-FD6E-4217-B50F-19938AEBB222}.AppStore|Any CPU.ActiveCfg = AppStore|iPhone
		{92D1BB50-FD6E-4217-B50F-19938AEBB222}.AppStore|iPhone.ActiveCfg = AppStore|iPhone
		{92D1BB50-FD6E-4217-B50F-19938AEBB222}.AppStore|iPhone.Build.0 = AppStore|iPhone
		{92D1BB50-FD6E-4217-B50F-19938AEBB222}.AppStore|iPhoneSimulator.ActiveCfg = AppStore|iPhoneSimulator
		{92D1BB50-FD6E-4217-B50F-19938AEBB222}.AppStore|iPhoneSimulator.Build.0 = AppStore|iPhoneSimulator
		{92D1BB50-FD6E-4217-B50F-19938AEBB222}.Debug|Any CPU.ActiveCfg = Debug|iPhone
		{92D1BB50-FD6E-4217-B50F-19938AEBB222}.Debug|iPhone.ActiveCfg = Debug|iPhone
		{92D1BB50-FD6E-4217-B50F-19938AEBB222}.Debug|iPhone.Build.0 = Debug|iPhone
		{92D1BB50-FD6E-4217-B50F-19938AEBB222}.Debug|iPhoneSimulator.ActiveCfg = Debug|iPhoneSimulator
		{92D1BB50-FD6E-4217-B50F-19938AEBB222}.Debug|iPhoneSimulator.Build.0 = Debug|iPhoneSimulator
		{92D1BB50-FD6E-4217-B50F-19938AEBB222}.Release|Any CPU.ActiveCfg = Release|iPhone
		{92D1BB50-FD6E-4217-B50F-19938AEBB222}.Release|iPhone.ActiveCfg = Release|iPhone
		{92D1BB50-FD6E-4217-B50F-19938AEBB222}.Release|iPhone.Build.0 = Release|iPhone
		{92D1BB50-FD6E-4217-B50F-19938AEBB222}.Release|iPhoneSimulator.ActiveCfg = Release|iPhoneSimulator
		{92D1BB50-FD6E-4217-B50F-19938AEBB222}.Release|iPhoneSimulator.Build.0 = Release|iPhoneSimulator
	EndGlobalSection
	GlobalSection(SolutionProperties) = preSolution
		HideSolutionNode = FALSE
	EndGlobalSection
EndGlobal
